{
  "name": "@unifesto/unicon",
  "version": "2.1.0",
  "lockfileVersion": 3,
  "requires": true,
  "packages": {
    "": {
      "name": "@unifesto/unicon",
      "version": "2.1.0",
      "license": "UNLICENSED",
      "devDependencies": {
        "@phosphor-icons/core": "2.1.1"
      },
      "engines": {
        "node": ">=16.0.0",
        "npm": ">=8.0.0"
      },
      "peerDependencies": {
        "react": ">=16.8.0",
        "react-native-svg": ">=13.0.0"
      },
      "peerDependenciesMeta": {
        "react": {
          "optional": true
        },
        "react-native-svg": {
          "optional": true
        }
      }
    },
    "node_modules/@phosphor-icons/core": {
      "version": "2.1.1",
      "resolved": "https://registry.npmjs.org/@phosphor-icons/core/-/core-2.1.1.tgz",
      "integrity": "sha512-v4ARvrip4qBCImOE5rmPUylOEK4iiED9ZyKjcvzuezqMaiRASCHKcRIuvvxL/twvLpkfnEODCOJp5dM4eZilxQ==",
      "dev": true,
      "license": "MIT"
    }
  }
}
